// !$*UTF8*$!
{
	archiveVersion = 1;
	classes = {
	};
	objectVersion = 50;
	objects = {

/* Begin PBXBuildFile section */
		1C32C1F021EE6EF600365DA3 /* AppDelegate.swift in Sources */ = {isa = PBXBuildFile; fileRef = 1C32C1EF21EE6EF600365DA3 /* AppDelegate.swift */; };
		1C32C1F221EE6EF600365DA3 /* ViewController.swift in Sources */ = {isa = PBXBuildFile; fileRef = 1C32C1F121EE6EF600365DA3 /* ViewController.swift */; };
		1C32C1F521EE6EF600365DA3 /* Main.storyboard in Resources */ = {isa = PBXBuildFile; fileRef = 1C32C1F321EE6EF600365DA3 /* Main.storyboard */; };
		1C32C1F721EE6EF900365DA3 /* Assets.xcassets in Resources */ = {isa = PBXBuildFile; fileRef = 1C32C1F621EE6EF900365DA3 /* Assets.xcassets */; };
		1C32C1FA21EE6EF900365DA3 /* LaunchScreen.storyboard in Resources */ = {isa = PBXBuildFile; fileRef = 1C32C1F821EE6EF900365DA3 /* LaunchScreen.storyboard */; };
		1C32C22221F02EC100365DA3 /* MemeData.swift in Sources */ = {isa = PBXBuildFile; fileRef = 1C32C22121F02EC100365DA3 /* MemeData.swift */; };
		7462947712D949DE215AB4BD /* Pods_MemeMe.framework in Frameworks */ = {isa = PBXBuildFile; fileRef = C2473FC1A490E6DB2AA67907 /* Pods_MemeMe.framework */; };
/* End PBXBuildFile section */

/* Begin PBXFileReference section */
		1C32C1EC21EE6EF600365DA3 /* MemeMe.app */ = {isa = PBXFileReference; explicitFileType = wrapper.application; includeInIndex = 0; path = MemeMe.app; sourceTree = BUILT_PRODUCTS_DIR; };
		1C32C1EF21EE6EF600365DA3 /* AppDelegate.swift */ = {isa = PBXFileReference; lastKnownFileType = sourcecode.swift; path = AppDelegate.swift; sourceTree = "<group>"; };
		1C32C1F121EE6EF600365DA3 /* ViewController.swift */ = {isa = PBXFileReference; lastKnownFileType = sourcecode.swift; path = ViewController.swift; sourceTree = "<group>"; };
		1C32C1F421EE6EF600365DA3 /* Base */ = {isa = PBXFileReference; lastKnownFileType = file.storyboard; name = Base; path = Base.lproj/Main.storyboard; sourceTree = "<group>"; };
		1C32C1F621EE6EF900365DA3 /* Assets.xcassets */ = {isa = PBXFileReference; lastKnownFileType = folder.assetcatalog; path = Assets.xcassets; sourceTree = "<group>"; };
		1C32C1F921EE6EF900365DA3 /* Base */ = {isa = PBXFileReference; lastKnownFileType = file.storyboard; name = Base; path = Base.lproj/LaunchScreen.storyboard; sourceTree = "<group>"; };
		1C32C1FB21EE6EF900365DA3 /* Info.plist */ = {isa = PBXFileReference; lastKnownFileType = text.plist.xml; path = Info.plist; sourceTree = "<group>"; };
		1C32C22121F02EC100365DA3 /* MemeData.swift */ = {isa = PBXFileReference; lastKnownFileType = sourcecode.swift; path = MemeData.swift; sourceTree = "<group>"; };
		50DD899A94C78A36D5A473B2 /* Pods-MemeMe.debug.xcconfig */ = {isa = PBXFileReference; includeInIndex = 1; lastKnownFileType = text.xcconfig; name = "Pods-MemeMe.debug.xcconfig"; path = "Pods/Target Support Files/Pods-MemeMe/Pods-MemeMe.debug.xcconfig"; sourceTree = "<group>"; };
		C2473FC1A490E6DB2AA67907 /* Pods_MemeMe.framework */ = {isa = PBXFileReference; explicitFileType = wrapper.framework; includeInIndex = 0; path = Pods_MemeMe.framework; sourceTree = BUILT_PRODUCTS_DIR; };
		E7EDD55064C16ED399805E94 /* Pods-MemeMe.release.xcconfig */ = {isa = PBXFileReference; includeInIndex = 1; lastKnownFileType = text.xcconfig; name = "Pods-MemeMe.release.xcconfig"; path = "Pods/Target Support Files/Pods-MemeMe/Pods-MemeMe.release.xcconfig"; sourceTree = "<group>"; };
/* End PBXFileReference section */

/* Begin PBXFrameworksBuildPhase section */
		1C32C1E921EE6EF600365DA3 /* Frameworks */ = {
			isa = PBXFrameworksBuildPhase;
			buildActionMask = 2147483647;
			files = (
				7462947712D949DE215AB4BD /* Pods_MemeMe.framework in Frameworks */,
			);
			runOnlyForDeploymentPostprocessing = 0;
		};
/* End PBXFrameworksBuildPhase section */

/* Begin PBXGroup section */
		1C32C1E321EE6EF600365DA3 = {
			isa = PBXGroup;
			children = (
				1C32C1EE21EE6EF600365DA3 /* MemeMe */,
				1C32C1ED21EE6EF600365DA3 /* Products */,
				4ABB413C2E82858B876B50FB /* Pods */,
				40C2795F2AB0A645E230DF42 /* Frameworks */,
			);
			sourceTree = "<group>";
		};
		1C32C1ED21EE6EF600365DA3 /* Products */ = {
			isa = PBXGroup;
			children = (
				1C32C1EC21EE6EF600365DA3 /* MemeMe.app */,
			);
			name = Products;
			sourceTree = "<group>";
		};
		1C32C1EE21EE6EF600365DA3 /* MemeMe */ = {
			isa = PBXGroup;
			children = (
				1C32C1F321EE6EF600365DA3 /* Main.storyboard */,
				1C32C22321F0304D00365DA3 /* Model */,
				1C32C22421F0305F00365DA3 /* View */,
				1C32C22521F0307600365DA3 /* Controller */,
				1C32C22621F030B000365DA3 /* SupportFiles */,
			);
			path = MemeMe;
			sourceTree = "<group>";
		};
		1C32C22321F0304D00365DA3 /* Model */ = {
			isa = PBXGroup;
			children = (
				1C32C22121F02EC100365DA3 /* MemeData.swift */,
			);
			path = Model;
			sourceTree = "<group>";
		};
		1C32C22421F0305F00365DA3 /* View */ = {
			isa = PBXGroup;
			children = (
			);
			path = View;
			sourceTree = "<group>";
		};
		1C32C22521F0307600365DA3 /* Controller */ = {
			isa = PBXGroup;
			children = (
				1C32C1F121EE6EF600365DA3 /* ViewController.swift */,
			);
			path = Controller;
			sourceTree = "<group>";
		};
		1C32C22621F030B000365DA3 /* SupportFiles */ = {
			isa = PBXGroup;
			children = (
				1C32C1F621EE6EF900365DA3 /* Assets.xcassets */,
				1C32C1FB21EE6EF900365DA3 /* Info.plist */,
				1C32C1F821EE6EF900365DA3 /* LaunchScreen.storyboard */,
				1C32C1EF21EE6EF600365DA3 /* AppDelegate.swift */,
			);
			path = SupportFiles;
			sourceTree = "<group>";
		};
		40C2795F2AB0A645E230DF42 /* Frameworks */ = {
			isa = PBXGroup;
			children = (
				C2473FC1A490E6DB2AA67907 /* Pods_MemeMe.framework */,
			);
			name = Frameworks;
			sourceTree = "<group>";
		};
		4ABB413C2E82858B876B50FB /* Pods */ = {
			isa = PBXGroup;
			children = (
				50DD899A94C78A36D5A473B2 /* Pods-MemeMe.debug.xcconfig */,
				E7EDD55064C16ED399805E94 /* Pods-MemeMe.release.xcconfig */,
			);
			name = Pods;
			sourceTree = "<group>";
		};
/* End PBXGroup section */

/* Begin PBXNativeTarget section */
		1C32C1EB21EE6EF600365DA3 /* MemeMe */ = {
			isa = PBXNativeTarget;
			buildConfigurationList = 1C32C1FE21EE6EF900365DA3 /* Build configuration list for PBXNativeTarget "MemeMe" */;
			buildPhases = (
				09BDFEC82AA872DBC0B2E3F0 /* [CP] Check Pods Manifest.lock */,
				1C32C1E821EE6EF600365DA3 /* Sources */,
				1C32C1E921EE6EF600365DA3 /* Frameworks */,
				1C32C1EA21EE6EF600365DA3 /* Resources */,
				D67764951F1A801AEBF64EB1 /* [CP] Embed Pods Frameworks */,
			);
			buildRules = (
			);
			dependencies = (
			);
			name = MemeMe;
			productName = MemeMe;
			productReference = 1C32C1EC21EE6EF600365DA3 /* MemeMe.app */;
			productType = "com.apple.product-type.application";
		};
/* End PBXNativeTarget section */

/* Begin PBXProject section */
		1C32C1E421EE6EF600365DA3 /* Project object */ = {
			isa = PBXProject;
			attributes = {
				LastSwiftUpdateCheck = 1010;
				LastUpgradeCheck = 1010;
				ORGANIZATIONNAME = "Norah Say";
				TargetAttributes = {
					1C32C1EB21EE6EF600365DA3 = {
						CreatedOnToolsVersion = 10.1;
					};
				};
			};
			buildConfigurationList = 1C32C1E721EE6EF600365DA3 /* Build configuration list for PBXProject "MemeMe" */;
			compatibilityVersion = "Xcode 9.3";
			developmentRegion = en;
			hasScannedForEncodings = 0;
			knownRegions = (
				en,
				Base,
			);
			mainGroup = 1C32C1E321EE6EF600365DA3;
			productRefGroup = 1C32C1ED21EE6EF600365DA3 /* Products */;
			projectDirPath = "";
			projectRoot = "";
			targets = (
				1C32C1EB21EE6EF600365DA3 /* MemeMe */,
			);
		};
/* End PBXProject section */

/* Begin PBXResourcesBuildPhase section */
		1C32C1EA21EE6EF600365DA3 /* Resources */ = {
			isa = PBXResourcesBuildPhase;
			buildActionMask = 2147483647;
			files = (
				1C32C1FA21EE6EF900365DA3 /* LaunchScreen.storyboard in Resources */,
				1C32C1F721EE6EF900365DA3 /* Assets.xcassets in Resources */,
				1C32C1F521EE6EF600365DA3 /* Main.storyboard in Resources */,
			);
			runOnlyForDeploymentPostprocessing = 0;
		};
/* End PBXResourcesBuildPhase section */

/* Begin PBXShellScriptBuildPhase section */
		09BDFEC82AA872DBC0B2E3F0 /* [CP] Check Pods Manifest.lock */ = {
			isa = PBXShellScriptBuildPhase;
			buildActionMask = 2147483647;
			files = (
			);
			inputFileListPaths = (
			);
			inputPaths = (
				"${PODS_PODFILE_DIR_PATH}/Podfile.lock",
				"${PODS_ROOT}/Manifest.lock",
			);
			name = "[CP] Check Pods Manifest.lock";
			outputFileListPaths = (
			);
			outputPaths = (
				"$(DERIVED_FILE_DIR)/Pods-MemeMe-checkManifestLockResult.txt",
			);
			runOnlyForDeploymentPostprocessing = 0;
			shellPath = /bin/sh;
			shellScript = "diff \"${PODS_PODFILE_DIR_PATH}/Podfile.lock\" \"${PODS_ROOT}/Manifest.lock\" > /dev/null\nif [ $? != 0 ] ; then\n    # print error to STDERR\n    echo \"error: The sandbox is not in sync with the Podfile.lock. Run 'pod install' or update your CocoaPods installation.\" >&2\n    exit 1\nfi\n# This output is used by Xcode 'outputs' to avoid re-running this script phase.\necho \"SUCCESS\" > \"${SCRIPT_OUTPUT_FILE_0}\"\n";
			showEnvVarsInLog = 0;
		};
		D67764951F1A801AEBF64EB1 /* [CP] Embed Pods Frameworks */ = {
			isa = PBXShellScriptBuildPhase;
			buildActionMask = 2147483647;
			files = (
			);
			inputFileListPaths = (
			);
			inputPaths = (
				"${SRCROOT}/Pods/Target Support Files/Pods-MemeMe/Pods-MemeMe-frameworks.sh",
				"${BUILT_PRODUCTS_DIR}/IQKeyboardManagerSwift/IQKeyboardManagerSwift.framework",
			);
			name = "[CP] Embed Pods Frameworks";
			outputFileListPaths = (
			);
			outputPaths = (
				"${TARGET_BUILD_DIR}/${FRAMEWORKS_FOLDER_PATH}/IQKeyboardManagerSwift.framework",
			);
			runOnlyForDeploymentPostprocessing = 0;
			shellPath = /bin/sh;
			shellScript = "\"${SRCROOT}/Pods/Target Support Files/Pods-MemeMe/Pods-MemeMe-frameworks.sh\"\n";
			showEnvVarsInLog = 0;
		};
/* End PBXShellScriptBuildPhase section */

/* Begin PBXSourcesBuildPhase section */
		1C32C1E821EE6EF600365DA3 /* Sources */ = {
			isa = PBXSourcesBuildPhase;
			buildActionMask = 2147483647;
			files = (
				1C32C1F221EE6EF600365DA3 /* ViewController.swift in Sources */,
				1C32C22221F02EC100365DA3 /* MemeData.swift in Sources */,
				1C32C1F021EE6EF600365DA3 /* AppDelegate.swift in Sources */,
			);
			runOnlyForDeploymentPostprocessing = 0;
		};
/* End PBXSourcesBuildPhase section */

/* Begin PBXVariantGroup section */
		1C32C1F321EE6EF600365DA3 /* Main.storyboard */ = {
			isa = PBXVariantGroup;
			children = (
				1C32C1F421EE6EF600365DA3 /* Base */,
			);
			name = Main.storyboard;
			sourceTree = "<group>";
		};
		1C32C1F821EE6EF900365DA3 /* LaunchScreen.storyboard */ = {
			isa = PBXVariantGroup;
			children = (
				1C32C1F921EE6EF900365DA3 /* Base */,
			);
			name = LaunchScreen.storyboard;
			sourceTree = "<group>";
		};
/* End PBXVariantGroup section */

/* Begin XCBuildConfiguration section */
		1C32C1FC21EE6EF900365DA3 /* Debug */ = {
			isa = XCBuildConfiguration;
			buildSettings = {
				ALWAYS_SEARCH_USER_PATHS = NO;
				CLANG_ANALYZER_NONNULL = YES;
				CLANG_ANALYZER_NUMBER_OBJECT_CONVERSION = YES_AGGRESSIVE;
				CLANG_CXX_LANGUAGE_STANDARD = "gnu++14";
				CLANG_CXX_LIBRARY = "libc++";
				CLANG_ENABLE_MODULES = YES;
				CLANG_ENABLE_OBJC_ARC = YES;
				CLANG_ENABLE_OBJC_WEAK = YES;
				CLANG_WARN_BLOCK_CAPTURE_AUTORELEASING = YES;
				CLANG_WARN_BOOL_CONVERSION = YES;
				CLANG_WARN_COMMA = YES;
				CLANG_WARN_CONSTANT_CONVERSION = YES;
				CLANG_WARN_DEPRECATED_OBJC_IMPLEMENTATIONS = YES;
				CLANG_WARN_DIRECT_OBJC_ISA_USAGE = YES_ERROR;
				CLANG_WARN_DOCUMENTATION_COMMENTS = YES;
				CLANG_WARN_EMPTY_BODY = YES;
				CLANG_WARN_ENUM_CONVERSION = YES;
				CLANG_WARN_INFINITE_RECURSION = YES;
				CLANG_WARN_INT_CONVERSION = YES;
				CLANG_WARN_NON_LITERAL_NULL_CONVERSION = YES;
				CLANG_WARN_OBJC_IMPLICIT_RETAIN_SELF = YES;
				CLANG_WARN_OBJC_LITERAL_CONVERSION = YES;
				CLANG_WARN_OBJC_ROOT_CLASS = YES_ERROR;
				CLANG_WARN_RANGE_LOOP_ANALYSIS = YES;
				CLANG_WARN_STRICT_PROTOTYPES = YES;
				CLANG_WARN_SUSPICIOUS_MOVE = YES;
				CLANG_WARN_UNGUARDED_AVAILABILITY = YES_AGGRESSIVE;
				CLANG_WARN_UNREACHABLE_CODE = YES;
				CLANG_WARN__DUPLICATE_METHOD_MATCH = YES;
				CODE_SIGN_IDENTITY = "iPhone Developer";
				COPY_PHASE_STRIP = NO;
				DEBUG_INFORMATION_FORMAT = dwarf;
				ENABLE_STRICT_OBJC_MSGSEND = YES;
				ENABLE_TESTABILITY = YES;
				GCC_C_LANGUAGE_STANDARD = gnu11;
				GCC_DYNAMIC_NO_PIC = NO;
				GCC_NO_COMMON_BLOCKS = YES;
				GCC_OPTIMIZATION_LEVEL = 0;
				GCC_PREPROCESSOR_DEFINITIONS = (
					"DEBUG=1",
					"$(inherited)",
				);
				GCC_WARN_64_TO_32_BIT_CONVERSION = YES;
				GCC_WARN_ABOUT_RETURN_TYPE = YES_ERROR;
				GCC_WARN_UNDECLARED_SELECTOR = YES;
				GCC_WARN_UNINITIALIZED_AUTOS = YES_AGGRESSIVE;
				GCC_WARN_UNUSED_FUNCTION = YES;
				GCC_WARN_UNUSED_VARIABLE = YES;
				IPHONEOS_DEPLOYMENT_TARGET = 12.1;
				MTL_ENABLE_DEBUG_INFO = INCLUDE_SOURCE;
				MTL_FAST_MATH = YES;
				ONLY_ACTIVE_ARCH = YES;
				SDKROOT = iphoneos;
				SWIFT_ACTIVE_COMPILATION_CONDITIONS = DEBUG;
				SWIFT_OPTIMIZATION_LEVEL = "-Onone";
			};
			name = Debug;
		};
		1C32C1FD21EE6EF900365DA3 /* Release */ = {
			isa = XCBuildConfiguration;
			buildSettings = {
				ALWAYS_SEARCH_USER_PATHS = NO;
				CLANG_ANALYZER_NONNULL = YES;
				CLANG_ANALYZER_NUMBER_OBJECT_CONVERSION = YES_AGGRESSIVE;
				CLANG_CXX_LANGUAGE_STANDARD = "gnu++14";
				CLANG_CXX_LIBRARY = "libc++";
				CLANG_ENABLE_MODULES = YES;
				CLANG_ENABLE_OBJC_ARC = YES;
				CLANG_ENABLE_OBJC_WEAK = YES;
				CLANG_WARN_BLOCK_CAPTURE_AUTORELEASING = YES;
				CLANG_WARN_BOOL_CONVERSION = YES;
				CLANG_WARN_COMMA = YES;
				CLANG_WARN_CONSTANT_CONVERSION = YES;
				CLANG_WARN_DEPRECATED_OBJC_IMPLEMENTATIONS = YES;
				CLANG_WARN_DIRECT_OBJC_ISA_USAGE = YES_ERROR;
				CLANG_WARN_DOCUMENTATION_COMMENTS = YES;
				CLANG_WARN_EMPTY_BODY = YES;
				CLANG_WARN_ENUM_CONVERSION = YES;
				CLANG_WARN_INFINITE_RECURSION = YES;
				CLANG_WARN_INT_CONVERSION = YES;
				CLANG_WARN_NON_LITERAL_NULL_CONVERSION = YES;
				CLANG_WARN_OBJC_IMPLICIT_RETAIN_SELF = YES;
				CLANG_WARN_OBJC_LITERAL_CONVERSION = YES;
				CLANG_WARN_OBJC_ROOT_CLASS = YES_ERROR;
				CLANG_WARN_RANGE_LOOP_ANALYSIS = YES;
				CLANG_WARN_STRICT_PROTOTYPES = YES;
				CLANG_WARN_SUSPICIOUS_MOVE = YES;
				CLANG_WARN_UNGUARDED_AVAILABILITY = YES_AGGRESSIVE;
				CLANG_WARN_UNREACHABLE_CODE = YES;
				CLANG_WARN__DUPLICATE_METHOD_MATCH = YES;
				CODE_SIGN_IDENTITY = "iPhone Developer";
				COPY_PHASE_STRIP = NO;
				DEBUG_INFORMATION_FORMAT = "dwarf-with-dsym";
				ENABLE_NS_ASSERTIONS = NO;
				ENABLE_STRICT_OBJC_MSGSEND = YES;
				GCC_C_LANGUAGE_STANDARD = gnu11;
				GCC_NO_COMMON_BLOCKS = YES;
				GCC_WARN_64_TO_32_BIT_CONVERSION = YES;
				GCC_WARN_ABOUT_RETURN_TYPE = YES_ERROR;
				GCC_WARN_UNDECLARED_SELECTOR = YES;
				GCC_WARN_UNINITIALIZED_AUTOS = YES_AGGRESSIVE;
				GCC_WARN_UNUSED_FUNCTION = YES;
				GCC_WARN_UNUSED_VARIABLE = YES;
				IPHONEOS_DEPLOYMENT_TARGET = 12.1;
				MTL_ENABLE_DEBUG_INFO = NO;
				MTL_FAST_MATH = YES;
				SDKROOT = iphoneos;
				SWIFT_COMPILATION_MODE = wholemodule;
				SWIFT_OPTIMIZATION_LEVEL = "-O";
				VALIDATE_PRODUCT = YES;
			};
			name = Release;
		};
		1C32C1FF21EE6EF900365DA3 /* Debug */ = {
			isa = XCBuildConfiguration;
			baseConfigurationReference = 50DD899A94C78A36D5A473B2 /* Pods-MemeMe.debug.xcconfig */;
			buildSettings = {
				ASSETCATALOG_COMPILER_APPICON_NAME = AppIcon;
				CODE_SIGN_STYLE = Automatic;
				DEVELOPMENT_TEAM = GG65A9NZ3M;
				INFOPLIST_FILE = "$(SRCROOT)/MemeMe/SupportFiles/Info.plist";
				LD_RUNPATH_SEARCH_PATHS = (
					"$(inherited)",
					"@executable_path/Frameworks",
				);
				PRODUCT_BUNDLE_IDENTIFIER = com.norahsay.MemeMe;
				PRODUCT_NAME = "$(TARGET_NAME)";
				SWIFT_VERSION = 4.2;
				TARGETED_DEVICE_FAMILY = "1,2";
			};
			name = Debug;
		};
		1C32C20021EE6EF900365DA3 /* Release */ = {
			isa = XCBuildConfiguration;
			baseConfigurationReference = E7EDD55064C16ED399805E94 /* Pods-MemeMe.release.xcconfig */;
			buildSettings = {
				ASSETCATALOG_COMPILER_APPICON_NAME = AppIcon;
				CODE_SIGN_STYLE = Automatic;
				DEVELOPMENT_TEAM = GG65A9NZ3M;
				INFOPLIST_FILE = "$(SRCROOT)/MemeMe/SupportFiles/Info.plist";
				LD_RUNPATH_SEARCH_PATHS = (
					"$(inherited)",
					"@executable_path/Frameworks",
				);
				PRODUCT_BUNDLE_IDENTIFIER = com.norahsay.MemeMe;
				PRODUCT_NAME = "$(TARGET_NAME)";
				SWIFT_VERSION = 4.2;
				TARGETED_DEVICE_FAMILY = "1,2";
			};
			name = Release;
		};
/* End XCBuildConfiguration section */

/* Begin XCConfigurationList section */
		1C32C1E721EE6EF600365DA3 /* Build configuration list for PBXProject "MemeMe" */ = {
			isa = XCConfigurationList;
			buildConfigurations = (
				1C32C1FC21EE6EF900365DA3 /* Debug */,
				1C32C1FD21EE6EF900365DA3 /* Release */,
			);
			defaultConfigurationIsVisible = 0;
			defaultConfigurationName = Release;
		};
		1C32C1FE21EE6EF900365DA3 /* Build configuration list for PBXNativeTarget "MemeMe" */ = {
			isa = XCConfigurationList;
			buildConfigurations = (
				1C32C1FF21EE6EF900365DA3 /* Debug */,
				1C32C20021EE6EF900365DA3 /* Release */,
			);
			defaultConfigurationIsVisible = 0;
			defaultConfigurationName = Release;
		};
/* End XCConfigurationList section */
	};
	rootObject = 1C32C1E421EE6EF600365DA3 /* Project object */;
}
